{
  "name": "npm-aliases",
  "version": "1.0.0",
  "lockfileVersion": 2,
  "requires": true,
  "packages": {
    "": {
      "name": "npm-aliases",
      "version": "1.0.0",
      "license": "ISC",
      "dependencies": {
        "date-in-spanish": "npm:fecha@^4.2.3"
      }
    },
    "node_modules/date-in-spanish": {
      "name": "fecha",
      "version": "4.2.3",
      "resolved": "https://registry.npmjs.org/fecha/-/fecha-4.2.3.tgz",
      "integrity": "sha512-OP2IUU6HeYKJi3i0z4A19kHMQoLVs4Hc+DPqqxI2h/DPZHTm/vjsfC6P0b4jCMy14XizLBqvndQ+UilD7707Jw=="
    }
  },
  "dependencies": {
    "date-in-spanish": {
      "version": "npm:fecha@4.2.3",
      "resolved": "https://registry.npmjs.org/fecha/-/fecha-4.2.3.tgz",
      "integrity": "sha512-OP2IUU6HeYKJi3i0z4A19kHMQoLVs4Hc+DPqqxI2h/DPZHTm/vjsfC6P0b4jCMy14XizLBqvndQ+UilD7707Jw=="
    }
  }
}
